
Microsoft Visual Studio Solution File, Format Version 12.00
# Visual Studio 14
VisualStudioVersion = 14.0.23107.0
MinimumVisualStudioVersion = 10.0.40219.1
Project("{FAE04EC0-301F-11D3-BF4B-00C04F79EFBC}") = "EF_Base_2", "EF_Base_2\EF_Base_2.csproj", "{D4BE33A3-50CF-4FAE-B502-0492EBCDB9B6}"
EndProject
Project("{FAE04EC0-301F-11D3-BF4B-00C04F79EFBC}") = "ConsoleApplication1", "ConsoleApplication1\ConsoleApplication1.csproj", "{AC97937D-2BF2-45BF-9A93-EE2965413520}"
EndProject
Global
	GlobalSection(SolutionConfigurationPlatforms) = preSolution
		Debug|Any CPU = Debug|Any CPU
		Release|Any CPU = Release|Any CPU
	EndGlobalSection
	GlobalSection(ProjectConfigurationPlatforms) = postSolution
		{D4BE33A3-50CF-4FAE-B502-0492EBCDB9B6}.Debug|Any CPU.ActiveCfg = Debug|Any CPU
		{D4BE33A3-50CF-4FAE-B502-0492EBCDB9B6}.Debug|Any CPU.Build.0 = Debug|Any CPU
		{D4BE33A3-50CF-4FAE-B502-0492EBCDB9B6}.Release|Any CPU.ActiveCfg = Release|Any CPU
		{D4BE33A3-50CF-4FAE-B502-0492EBCDB9B6}.Release|Any CPU.Build.0 = Release|Any CPU
		{AC97937D-2BF2-45BF-9A93-EE2965413520}.Debug|Any CPU.ActiveCfg = Debug|Any CPU
		{AC97937D-2BF2-45BF-9A93-EE2965413520}.Debug|Any CPU.Build.0 = Debug|Any CPU
		{AC97937D-2BF2-45BF-9A93-EE2965413520}.Release|Any CPU.ActiveCfg = Release|Any CPU
		{AC97937D-2BF2-45BF-9A93-EE2965413520}.Release|Any CPU.Build.0 = Release|Any CPU
	EndGlobalSection
	GlobalSection(SolutionProperties) = preSolution
		HideSolutionNode = FALSE
	EndGlobalSection
EndGlobal
